Microsoft Visual Studio Solution File, Format Version 12.00
# Visual Studio Version 17
VisualStudioVersion = 17.5.2.0
MinimumVisualStudioVersion = 10.0.40219.1
Project("{FAE04EC0-301F-11D3-BF4B-00C04F79EFBC}") = "IfTask", "IfTask\IfTask.csproj", "{1A9EBE6B-280D-8D95-3C14-B72C5ECF5759}"
EndProject
Project("{FAE04EC0-301F-11D3-BF4B-00C04F79EFBC}") = "TestProject1", "TestProject1\TestProject1.csproj", "{6F84B464-D2A2-BADB-55FE-4525AFA1BDD6}"
EndProject
Global
	GlobalSection(SolutionConfigurationPlatforms) = preSolution
		Debug|Any CPU = Debug|Any CPU
		Release|Any CPU = Release|Any CPU
	EndGlobalSection
	GlobalSection(ProjectConfigurationPlatforms) = postSolution
		{1A9EBE6B-280D-8D95-3C14-B72C5ECF5759}.Debug|Any CPU.ActiveCfg = Debug|Any CPU
		{1A9EBE6B-280D-8D95-3C14-B72C5ECF5759}.Debug|Any CPU.Build.0 = Debug|Any CPU
		{1A9EBE6B-280D-8D95-3C14-B72C5ECF5759}.Release|Any CPU.ActiveCfg = Release|Any CPU
		{1A9EBE6B-280D-8D95-3C14-B72C5ECF5759}.Release|Any CPU.Build.0 = Release|Any CPU
		{6F84B464-D2A2-BADB-55FE-4525AFA1BDD6}.Debug|Any CPU.ActiveCfg = Debug|Any CPU
		{6F84B464-D2A2-BADB-55FE-4525AFA1BDD6}.Debug|Any CPU.Build.0 = Debug|Any CPU
		{6F84B464-D2A2-BADB-55FE-4525AFA1BDD6}.Release|Any CPU.ActiveCfg = Release|Any CPU
		{6F84B464-D2A2-BADB-55FE-4525AFA1BDD6}.Release|Any CPU.Build.0 = Release|Any CPU
	EndGlobalSection
	GlobalSection(SolutionProperties) = preSolution
		HideSolutionNode = FALSE
	EndGlobalSection
	GlobalSection(ExtensibilityGlobals) = postSolution
		SolutionGuid = {CDEE1CF3-AC4F-4B9F-8805-CFE322518E08}
	EndGlobalSection
EndGlobal
